{
  "name": "react-multiselect-search-dropdown",
  "version": "1.0.0",
  "author": "Rejo Mathew",
  "license": "MIT",
  "repository": "Rejo12/react-multiselect-search-dropdown",
  "keywords": [
    "react-multiselect-search-dropdown",
    "multiselect-dropdown",
    "react-multiselect-dropdown"
  ],
  "peerDependencies": {},
  "dependencies": {
    "@babel/plugin-proposal-class-properties": "^7.10.4",
    "@testing-library/jest-dom": "^4.2.4",
    "@testing-library/react": "^9.5.0",
    "@testing-library/user-event": "^7.2.1",
    "react-scripts": "3.4.1"
  },
  "scripts": {
    "build": "./node_modules/.bin/babel src --out-file index.js"
  },
  "eslintConfig": {
    "extends": "react-app"
  },
  "browserslist": {
    "production": [
      ">0.2%",
      "not dead",
      "not op_mini all"
    ],
    "development": [
      "last 1 chrome version",
      "last 1 firefox version",
      "last 1 safari version"
    ]
  },
  "devDependencies": {
    "@babel/cli": "^7.12.1",
    "@babel/core": "^7.12.3",
    "react": "^16.13.1",
    "react-dom": "^16.13.1"
  }
}
